// !$*UTF8*$!
{
	archiveVersion = 1;
	classes = {
	};
	objectVersion = 56;
	objects = {

/* Begin PBXBuildFile section */
		4307C4E52B92211E00012500 /* AppDelegate.swift in Sources */ = {isa = PBXBuildFile; fileRef = 4307C4E42B92211E00012500 /* AppDelegate.swift */; };
		4307C4E92B92211E00012500 /* ViewController.swift in Sources */ = {isa = PBXBuildFile; fileRef = 4307C4E82B92211E00012500 /* ViewController.swift */; };
		4307C4EF2B92211E00012500 /* Delegatdz.xcdatamodeld in Sources */ = {isa = PBXBuildFile; fileRef = 4307C4ED2B92211E00012500 /* Delegatdz.xcdatamodeld */; };
		4307C4F12B92212000012500 /* Assets.xcassets in Resources */ = {isa = PBXBuildFile; fileRef = 4307C4F02B92212000012500 /* Assets.xcassets */; };
		4307C4F42B92212000012500 /* LaunchScreen.storyboard in Resources */ = {isa = PBXBuildFile; fileRef = 4307C4F22B92212000012500 /* LaunchScreen.storyboard */; };
		4307C4FD2B92226300012500 /* SnapKit in Frameworks */ = {isa = PBXBuildFile; productRef = 4307C4FC2B92226300012500 /* SnapKit */; };
		4307C5012B922E3800012500 /* Struct.swift in Sources */ = {isa = PBXBuildFile; fileRef = 4307C5002B922E3800012500 /* Struct.swift */; };
		4307C5052B922F5000012500 /* CharactersTableViewCell.swift in Sources */ = {isa = PBXBuildFile; fileRef = 4307C5042B922F5000012500 /* CharactersTableViewCell.swift */; };
/* End PBXBuildFile section */

/* Begin PBXFileReference section */
		4307C4E12B92211E00012500 /* Delegatdz.app */ = {isa = PBXFileReference; explicitFileType = wrapper.application; includeInIndex = 0; path = Delegatdz.app; sourceTree = BUILT_PRODUCTS_DIR; };
		4307C4E42B92211E00012500 /* AppDelegate.swift */ = {isa = PBXFileReference; lastKnownFileType = sourcecode.swift; path = AppDelegate.swift; sourceTree = "<group>"; };
		4307C4E82B92211E00012500 /* ViewController.swift */ = {isa = PBXFileReference; lastKnownFileType = sourcecode.swift; path = ViewController.swift; sourceTree = "<group>"; };
		4307C4EE2B92211E00012500 /* Delegatdz.xcdatamodel */ = {isa = PBXFileReference; lastKnownFileType = wrapper.xcdatamodel; path = Delegatdz.xcdatamodel; sourceTree = "<group>"; };
		4307C4F02B92212000012500 /* Assets.xcassets */ = {isa = PBXFileReference; lastKnownFileType = folder.assetcatalog; path = Assets.xcassets; sourceTree = "<group>"; };
		4307C4F32B92212000012500 /* Base */ = {isa = PBXFileReference; lastKnownFileType = file.storyboard; name = Base; path = Base.lproj/LaunchScreen.storyboard; sourceTree = "<group>"; };
		4307C4F52B92212000012500 /* Info.plist */ = {isa = PBXFileReference; lastKnownFileType = text.plist.xml; path = Info.plist; sourceTree = "<group>"; };
		4307C5002B922E3800012500 /* Struct.swift */ = {isa = PBXFileReference; lastKnownFileType = sourcecode.swift; path = Struct.swift; sourceTree = "<group>"; };
		4307C5042B922F5000012500 /* CharactersTableViewCell.swift */ = {isa = PBXFileReference; lastKnownFileType = sourcecode.swift; path = CharactersTableViewCell.swift; sourceTree = "<group>"; };
/* End PBXFileReference section */

/* Begin PBXFrameworksBuildPhase section */
		4307C4DE2B92211E00012500 /* Frameworks */ = {
			isa = PBXFrameworksBuildPhase;
			buildActionMask = 2147483647;
			files = (
				4307C4FD2B92226300012500 /* SnapKit in Frameworks */,
			);
			runOnlyForDeploymentPostprocessing = 0;
		};
/* End PBXFrameworksBuildPhase section */

/* Begin PBXGroup section */
		4307C4D82B92211E00012500 = {
			isa = PBXGroup;
			children = (
				4307C4E32B92211E00012500 /* Delegatdz */,
				4307C4E22B92211E00012500 /* Products */,
			);
			sourceTree = "<group>";
		};
		4307C4E22B92211E00012500 /* Products */ = {
			isa = PBXGroup;
			children = (
				4307C4E12B92211E00012500 /* Delegatdz.app */,
			);
			name = Products;
			sourceTree = "<group>";
		};
		4307C4E32B92211E00012500 /* Delegatdz */ = {
			isa = PBXGroup;
			children = (
				4307C4E42B92211E00012500 /* AppDelegate.swift */,
				4307C4E82B92211E00012500 /* ViewController.swift */,
				4307C5042B922F5000012500 /* CharactersTableViewCell.swift */,
				4307C5002B922E3800012500 /* Struct.swift */,
				4307C4F02B92212000012500 /* Assets.xcassets */,
				4307C4F22B92212000012500 /* LaunchScreen.storyboard */,
				4307C4F52B92212000012500 /* Info.plist */,
				4307C4ED2B92211E00012500 /* Delegatdz.xcdatamodeld */,
			);
			path = Delegatdz;
			sourceTree = "<group>";
		};
/* End PBXGroup section */

/* Begin PBXNativeTarget section */
		4307C4E02B92211E00012500 /* Delegatdz */ = {
			isa = PBXNativeTarget;
			buildConfigurationList = 4307C4F82B92212000012500 /* Build configuration list for PBXNativeTarget "Delegatdz" */;
			buildPhases = (
				4307C4DD2B92211E00012500 /* Sources */,
				4307C4DE2B92211E00012500 /* Frameworks */,
				4307C4DF2B92211E00012500 /* Resources */,
			);
			buildRules = (
			);
			dependencies = (
			);
			name = Delegatdz;
			packageProductDependencies = (
				4307C4FC2B92226300012500 /* SnapKit */,
			);
			productName = Delegatdz;
			productReference = 4307C4E12B92211E00012500 /* Delegatdz.app */;
			productType = "com.apple.product-type.application";
		};
/* End PBXNativeTarget section */

/* Begin PBXProject section */
		4307C4D92B92211E00012500 /* Project object */ = {
			isa = PBXProject;
			attributes = {
				BuildIndependentTargetsInParallel = 1;
				LastSwiftUpdateCheck = 1430;
				LastUpgradeCheck = 1430;
				TargetAttributes = {
					4307C4E02B92211E00012500 = {
						CreatedOnToolsVersion = 14.3;
					};
				};
			};
			buildConfigurationList = 4307C4DC2B92211E00012500 /* Build configuration list for PBXProject "Delegatdz" */;
			compatibilityVersion = "Xcode 14.0";
			developmentRegion = en;
			hasScannedForEncodings = 0;
			knownRegions = (
				en,
				Base,
			);
			mainGroup = 4307C4D82B92211E00012500;
			packageReferences = (
				4307C4FB2B92226300012500 /* XCRemoteSwiftPackageReference "SnapKit" */,
			);
			productRefGroup = 4307C4E22B92211E00012500 /* Products */;
			projectDirPath = "";
			projectRoot = "";
			targets = (
				4307C4E02B92211E00012500 /* Delegatdz */,
			);
		};
/* End PBXProject section */

/* Begin PBXResourcesBuildPhase section */
		4307C4DF2B92211E00012500 /* Resources */ = {
			isa = PBXResourcesBuildPhase;
			buildActionMask = 2147483647;
			files = (
				4307C4F42B92212000012500 /* LaunchScreen.storyboard in Resources */,
				4307C4F12B92212000012500 /* Assets.xcassets in Resources */,
			);
			runOnlyForDeploymentPostprocessing = 0;
		};
/* End PBXResourcesBuildPhase section */

/* Begin PBXSourcesBuildPhase section */
		4307C4DD2B92211E00012500 /* Sources */ = {
			isa = PBXSourcesBuildPhase;
			buildActionMask = 2147483647;
			files = (
				4307C5012B922E3800012500 /* Struct.swift in Sources */,
				4307C4E92B92211E00012500 /* ViewController.swift in Sources */,
				4307C4E52B92211E00012500 /* AppDelegate.swift in Sources */,
				4307C5052B922F5000012500 /* CharactersTableViewCell.swift in Sources */,
				4307C4EF2B92211E00012500 /* Delegatdz.xcdatamodeld in Sources */,
			);
			runOnlyForDeploymentPostprocessing = 0;
		};
/* End PBXSourcesBuildPhase section */

/* Begin PBXVariantGroup section */
		4307C4F22B92212000012500 /* LaunchScreen.storyboard */ = {
			isa = PBXVariantGroup;
			children = (
				4307C4F32B92212000012500 /* Base */,
			);
			name = LaunchScreen.storyboard;
			sourceTree = "<group>";
		};
/* End PBXVariantGroup section */

/* Begin XCBuildConfiguration section */
		4307C4F62B92212000012500 /* Debug */ = {
			isa = XCBuildConfiguration;
			buildSettings = {
				ALWAYS_SEARCH_USER_PATHS = NO;
				CLANG_ANALYZER_NONNULL = YES;
				CLANG_ANALYZER_NUMBER_OBJECT_CONVERSION = YES_AGGRESSIVE;
				CLANG_CXX_LANGUAGE_STANDARD = "gnu++20";
				CLANG_ENABLE_MODULES = YES;
				CLANG_ENABLE_OBJC_ARC = YES;
				CLANG_ENABLE_OBJC_WEAK = YES;
				CLANG_WARN_BLOCK_CAPTURE_AUTORELEASING = YES;
				CLANG_WARN_BOOL_CONVERSION = YES;
				CLANG_WARN_COMMA = YES;
				CLANG_WARN_CONSTANT_CONVERSION = YES;
				CLANG_WARN_DEPRECATED_OBJC_IMPLEMENTATIONS = YES;
				CLANG_WARN_DIRECT_OBJC_ISA_USAGE = YES_ERROR;
				CLANG_WARN_DOCUMENTATION_COMMENTS = YES;
				CLANG_WARN_EMPTY_BODY = YES;
				CLANG_WARN_ENUM_CONVERSION = YES;
				CLANG_WARN_INFINITE_RECURSION = YES;
				CLANG_WARN_INT_CONVERSION = YES;
				CLANG_WARN_NON_LITERAL_NULL_CONVERSION = YES;
				CLANG_WARN_OBJC_IMPLICIT_RETAIN_SELF = YES;
				CLANG_WARN_OBJC_LITERAL_CONVERSION = YES;
				CLANG_WARN_OBJC_ROOT_CLASS = YES_ERROR;
				CLANG_WARN_QUOTED_INCLUDE_IN_FRAMEWORK_HEADER = YES;
				CLANG_WARN_RANGE_LOOP_ANALYSIS = YES;
				CLANG_WARN_STRICT_PROTOTYPES = YES;
				CLANG_WARN_SUSPICIOUS_MOVE = YES;
				CLANG_WARN_UNGUARDED_AVAILABILITY = YES_AGGRESSIVE;
				CLANG_WARN_UNREACHABLE_CODE = YES;
				CLANG_WARN__DUPLICATE_METHOD_MATCH = YES;
				COPY_PHASE_STRIP = NO;
				DEBUG_INFORMATION_FORMAT = dwarf;
				ENABLE_STRICT_OBJC_MSGSEND = YES;
				ENABLE_TESTABILITY = YES;
				GCC_C_LANGUAGE_STANDARD = gnu11;
				GCC_DYNAMIC_NO_PIC = NO;
				GCC_NO_COMMON_BLOCKS = YES;
				GCC_OPTIMIZATION_LEVEL = 0;
				GCC_PREPROCESSOR_DEFINITIONS = (
					"DEBUG=1",
					"$(inherited)",
				);
				GCC_WARN_64_TO_32_BIT_CONVERSION = YES;
				GCC_WARN_ABOUT_RETURN_TYPE = YES_ERROR;
				GCC_WARN_UNDECLARED_SELECTOR = YES;
				GCC_WARN_UNINITIALIZED_AUTOS = YES_AGGRESSIVE;
				GCC_WARN_UNUSED_FUNCTION = YES;
				GCC_WARN_UNUSED_VARIABLE = YES;
				IPHONEOS_DEPLOYMENT_TARGET = 16.4;
				MTL_ENABLE_DEBUG_INFO = INCLUDE_SOURCE;
				MTL_FAST_MATH = YES;
				ONLY_ACTIVE_ARCH = YES;
				SDKROOT = iphoneos;
				SWIFT_ACTIVE_COMPILATION_CONDITIONS = DEBUG;
				SWIFT_OPTIMIZATION_LEVEL = "-Onone";
			};
			name = Debug;
		};
		4307C4F72B92212000012500 /* Release */ = {
			isa = XCBuildConfiguration;
			buildSettings = {
				ALWAYS_SEARCH_USER_PATHS = NO;
				CLANG_ANALYZER_NONNULL = YES;
				CLANG_ANALYZER_NUMBER_OBJECT_CONVERSION = YES_AGGRESSIVE;
				CLANG_CXX_LANGUAGE_STANDARD = "gnu++20";
				CLANG_ENABLE_MODULES = YES;
				CLANG_ENABLE_OBJC_ARC = YES;
				CLANG_ENABLE_OBJC_WEAK = YES;
				CLANG_WARN_BLOCK_CAPTURE_AUTORELEASING = YES;
				CLANG_WARN_BOOL_CONVERSION = YES;
				CLANG_WARN_COMMA = YES;
				CLANG_WARN_CONSTANT_CONVERSION = YES;
				CLANG_WARN_DEPRECATED_OBJC_IMPLEMENTATIONS = YES;
				CLANG_WARN_DIRECT_OBJC_ISA_USAGE = YES_ERROR;
				CLANG_WARN_DOCUMENTATION_COMMENTS = YES;
				CLANG_WARN_EMPTY_BODY = YES;
				CLANG_WARN_ENUM_CONVERSION = YES;
				CLANG_WARN_INFINITE_RECURSION = YES;
				CLANG_WARN_INT_CONVERSION = YES;
				CLANG_WARN_NON_LITERAL_NULL_CONVERSION = YES;
				CLANG_WARN_OBJC_IMPLICIT_RETAIN_SELF = YES;
				CLANG_WARN_OBJC_LITERAL_CONVERSION = YES;
				CLANG_WARN_OBJC_ROOT_CLASS = YES_ERROR;
				CLANG_WARN_QUOTED_INCLUDE_IN_FRAMEWORK_HEADER = YES;
				CLANG_WARN_RANGE_LOOP_ANALYSIS = YES;
				CLANG_WARN_STRICT_PROTOTYPES = YES;
				CLANG_WARN_SUSPICIOUS_MOVE = YES;
				CLANG_WARN_UNGUARDED_AVAILABILITY = YES_AGGRESSIVE;
				CLANG_WARN_UNREACHABLE_CODE = YES;
				CLANG_WARN__DUPLICATE_METHOD_MATCH = YES;
				COPY_PHASE_STRIP = NO;
				DEBUG_INFORMATION_FORMAT = "dwarf-with-dsym";
				ENABLE_NS_ASSERTIONS = NO;
				ENABLE_STRICT_OBJC_MSGSEND = YES;
				GCC_C_LANGUAGE_STANDARD = gnu11;
				GCC_NO_COMMON_BLOCKS = YES;
				GCC_WARN_64_TO_32_BIT_CONVERSION = YES;
				GCC_WARN_ABOUT_RETURN_TYPE = YES_ERROR;
				GCC_WARN_UNDECLARED_SELECTOR = YES;
				GCC_WARN_UNINITIALIZED_AUTOS = YES_AGGRESSIVE;
				GCC_WARN_UNUSED_FUNCTION = YES;
				GCC_WARN_UNUSED_VARIABLE = YES;
				IPHONEOS_DEPLOYMENT_TARGET = 16.4;
				MTL_ENABLE_DEBUG_INFO = NO;
				MTL_FAST_MATH = YES;
				SDKROOT = iphoneos;
				SWIFT_COMPILATION_MODE = wholemodule;
				SWIFT_OPTIMIZATION_LEVEL = "-O";
				VALIDATE_PRODUCT = YES;
			};
			name = Release;
		};
		4307C4F92B92212000012500 /* Debug */ = {
			isa = XCBuildConfiguration;
			buildSettings = {
				ASSETCATALOG_COMPILER_APPICON_NAME = AppIcon;
				ASSETCATALOG_COMPILER_GLOBAL_ACCENT_COLOR_NAME = AccentColor;
				CODE_SIGN_STYLE = Automatic;
				CURRENT_PROJECT_VERSION = 1;
				DEVELOPMENT_TEAM = W234QN2T8N;
				GENERATE_INFOPLIST_FILE = YES;
				INFOPLIST_FILE = Delegatdz/Info.plist;
				INFOPLIST_KEY_UIApplicationSupportsIndirectInputEvents = YES;
				INFOPLIST_KEY_UILaunchStoryboardName = LaunchScreen;
				INFOPLIST_KEY_UIMainStoryboardFile = "";
				INFOPLIST_KEY_UISupportedInterfaceOrientations_iPad = "UIInterfaceOrientationPortrait UIInterfaceOrientationPortraitUpsideDown UIInterfaceOrientationLandscapeLeft UIInterfaceOrientationLandscapeRight";
				INFOPLIST_KEY_UISupportedInterfaceOrientations_iPhone = "UIInterfaceOrientationPortrait UIInterfaceOrientationLandscapeLeft UIInterfaceOrientationLandscapeRight";
				LD_RUNPATH_SEARCH_PATHS = (
					"$(inherited)",
					"@executable_path/Frameworks",
				);
				MARKETING_VERSION = 1.0;
				PRODUCT_BUNDLE_IDENTIFIER = step.Delegatdz;
				PRODUCT_NAME = "$(TARGET_NAME)";
				SWIFT_EMIT_LOC_STRINGS = YES;
				SWIFT_VERSION = 5.0;
				TARGETED_DEVICE_FAMILY = "1,2";
			};
			name = Debug;
		};
		4307C4FA2B92212000012500 /* Release */ = {
			isa = XCBuildConfiguration;
			buildSettings = {
				ASSETCATALOG_COMPILER_APPICON_NAME = AppIcon;
				ASSETCATALOG_COMPILER_GLOBAL_ACCENT_COLOR_NAME = AccentColor;
				CODE_SIGN_STYLE = Automatic;
				CURRENT_PROJECT_VERSION = 1;
				DEVELOPMENT_TEAM = W234QN2T8N;
				GENERATE_INFOPLIST_FILE = YES;
				INFOPLIST_FILE = Delegatdz/Info.plist;
				INFOPLIST_KEY_UIApplicationSupportsIndirectInputEvents = YES;
				INFOPLIST_KEY_UILaunchStoryboardName = LaunchScreen;
				INFOPLIST_KEY_UIMainStoryboardFile = "";
				INFOPLIST_KEY_UISupportedInterfaceOrientations_iPad = "UIInterfaceOrientationPortrait UIInterfaceOrientationPortraitUpsideDown UIInterfaceOrientationLandscapeLeft UIInterfaceOrientationLandscapeRight";
				INFOPLIST_KEY_UISupportedInterfaceOrientations_iPhone = "UIInterfaceOrientationPortrait UIInterfaceOrientationLandscapeLeft UIInterfaceOrientationLandscapeRight";
				LD_RUNPATH_SEARCH_PATHS = (
					"$(inherited)",
					"@executable_path/Frameworks",
				);
				MARKETING_VERSION = 1.0;
				PRODUCT_BUNDLE_IDENTIFIER = step.Delegatdz;
				PRODUCT_NAME = "$(TARGET_NAME)";
				SWIFT_EMIT_LOC_STRINGS = YES;
				SWIFT_VERSION = 5.0;
				TARGETED_DEVICE_FAMILY = "1,2";
			};
			name = Release;
		};
/* End XCBuildConfiguration section */

/* Begin XCConfigurationList section */
		4307C4DC2B92211E00012500 /* Build configuration list for PBXProject "Delegatdz" */ = {
			isa = XCConfigurationList;
			buildConfigurations = (
				4307C4F62B92212000012500 /* Debug */,
				4307C4F72B92212000012500 /* Release */,
			);
			defaultConfigurationIsVisible = 0;
			defaultConfigurationName = Release;
		};
		4307C4F82B92212000012500 /* Build configuration list for PBXNativeTarget "Delegatdz" */ = {
			isa = XCConfigurationList;
			buildConfigurations = (
				4307C4F92B92212000012500 /* Debug */,
				4307C4FA2B92212000012500 /* Release */,
			);
			defaultConfigurationIsVisible = 0;
			defaultConfigurationName = Release;
		};
/* End XCConfigurationList section */

/* Begin XCRemoteSwiftPackageReference section */
		4307C4FB2B92226300012500 /* XCRemoteSwiftPackageReference "SnapKit" */ = {
			isa = XCRemoteSwiftPackageReference;
			repositoryURL = "https://github.com/SnapKit/SnapKit.git";
			requirement = {
				kind = upToNextMajorVersion;
				minimumVersion = 5.0.0;
			};
		};
/* End XCRemoteSwiftPackageReference section */

/* Begin XCSwiftPackageProductDependency section */
		4307C4FC2B92226300012500 /* SnapKit */ = {
			isa = XCSwiftPackageProductDependency;
			package = 4307C4FB2B92226300012500 /* XCRemoteSwiftPackageReference "SnapKit" */;
			productName = SnapKit;
		};
/* End XCSwiftPackageProductDependency section */

/* Begin XCVersionGroup section */
		4307C4ED2B92211E00012500 /* Delegatdz.xcdatamodeld */ = {
			isa = XCVersionGroup;
			children = (
				4307C4EE2B92211E00012500 /* Delegatdz.xcdatamodel */,
			);
			currentVersion = 4307C4EE2B92211E00012500 /* Delegatdz.xcdatamodel */;
			path = Delegatdz.xcdatamodeld;
			sourceTree = "<group>";
			versionGroupType = wrapper.xcdatamodel;
		};
/* End XCVersionGroup section */
	};
	rootObject = 4307C4D92B92211E00012500 /* Project object */;
}
